// !$*UTF8*$!
{
	archiveVersion = 1;
	classes = {
	};
	objectVersion = 46;
	objects = {

/* Begin PBXBuildFile section */
		279B8DC31BA5284100C567BE /* AppDelegate.swift in Sources */ = {isa = PBXBuildFile; fileRef = 279B8DC21BA5284100C567BE /* AppDelegate.swift */; };
		279B8DCA1BA5284100C567BE /* Images.xcassets in Resources */ = {isa = PBXBuildFile; fileRef = 279B8DC91BA5284100C567BE /* Images.xcassets */; };
		279B8DCD1BA5284100C567BE /* LaunchScreen.xib in Resources */ = {isa = PBXBuildFile; fileRef = 279B8DCB1BA5284100C567BE /* LaunchScreen.xib */; };
		279B8DD91BA5284100C567BE /* ToDoTests.swift in Sources */ = {isa = PBXBuildFile; fileRef = 279B8DD81BA5284100C567BE /* ToDoTests.swift */; };
		279B8DE31BA5563E00C567BE /* AddToDoItemViewController.swift in Sources */ = {isa = PBXBuildFile; fileRef = 279B8DE21BA5563E00C567BE /* AddToDoItemViewController.swift */; };
		279B8DE51BA5572100C567BE /* ToDoListTableViewController.swift in Sources */ = {isa = PBXBuildFile; fileRef = 279B8DE41BA5572100C567BE /* ToDoListTableViewController.swift */; };
		279B8DE81BA5625800C567BE /* Main.storyboard in Resources */ = {isa = PBXBuildFile; fileRef = 279B8DC61BA5284100C567BE /* Main.storyboard */; };
		279B8DEA1BA5836000C567BE /* ToDoItem.swift in Sources */ = {isa = PBXBuildFile; fileRef = 279B8DE91BA5836000C567BE /* ToDoItem.swift */; };
/* End PBXBuildFile section */

/* Begin PBXContainerItemProxy section */
		279B8DD31BA5284100C567BE /* PBXContainerItemProxy */ = {
			isa = PBXContainerItemProxy;
			containerPortal = 279B8DB51BA5284100C567BE /* Project object */;
			proxyType = 1;
			remoteGlobalIDString = 279B8DBC1BA5284100C567BE;
			remoteInfo = ToDo;
		};
/* End PBXContainerItemProxy section */

/* Begin PBXFileReference section */
		279B8DBD1BA5284100C567BE /* ToDo.app */ = {isa = PBXFileReference; explicitFileType = wrapper.application; includeInIndex = 0; path = ToDo.app; sourceTree = BUILT_PRODUCTS_DIR; };
		279B8DC11BA5284100C567BE /* Info.plist */ = {isa = PBXFileReference; lastKnownFileType = text.plist.xml; path = Info.plist; sourceTree = "<group>"; };
		279B8DC21BA5284100C567BE /* AppDelegate.swift */ = {isa = PBXFileReference; lastKnownFileType = sourcecode.swift; path = AppDelegate.swift; sourceTree = "<group>"; };
		279B8DC71BA5284100C567BE /* Base */ = {isa = PBXFileReference; lastKnownFileType = file.storyboard; name = Base; path = Base.lproj/Main.storyboard; sourceTree = "<group>"; };
		279B8DC91BA5284100C567BE /* Images.xcassets */ = {isa = PBXFileReference; lastKnownFileType = folder.assetcatalog; path = Images.xcassets; sourceTree = "<group>"; };
		279B8DCC1BA5284100C567BE /* Base */ = {isa = PBXFileReference; lastKnownFileType = file.xib; name = Base; path = Base.lproj/LaunchScreen.xib; sourceTree = "<group>"; };
		279B8DD21BA5284100C567BE /* ToDoTests.xctest */ = {isa = PBXFileReference; explicitFileType = wrapper.cfbundle; includeInIndex = 0; path = ToDoTests.xctest; sourceTree = BUILT_PRODUCTS_DIR; };
		279B8DD71BA5284100C567BE /* Info.plist */ = {isa = PBXFileReference; lastKnownFileType = text.plist.xml; path = Info.plist; sourceTree = "<group>"; };
		279B8DD81BA5284100C567BE /* ToDoTests.swift */ = {isa = PBXFileReference; lastKnownFileType = sourcecode.swift; path = ToDoTests.swift; sourceTree = "<group>"; };
		279B8DE21BA5563E00C567BE /* AddToDoItemViewController.swift */ = {isa = PBXFileReference; fileEncoding = 4; lastKnownFileType = sourcecode.swift; path = AddToDoItemViewController.swift; sourceTree = "<group>"; };
		279B8DE41BA5572100C567BE /* ToDoListTableViewController.swift */ = {isa = PBXFileReference; fileEncoding = 4; lastKnownFileType = sourcecode.swift; path = ToDoListTableViewController.swift; sourceTree = "<group>"; };
		279B8DE91BA5836000C567BE /* ToDoItem.swift */ = {isa = PBXFileReference; fileEncoding = 4; lastKnownFileType = sourcecode.swift; path = ToDoItem.swift; sourceTree = "<group>"; };
/* End PBXFileReference section */

/* Begin PBXFrameworksBuildPhase section */
		279B8DBA1BA5284100C567BE /* Frameworks */ = {
			isa = PBXFrameworksBuildPhase;
			buildActionMask = 2147483647;
			files = (
			);
			runOnlyForDeploymentPostprocessing = 0;
		};
		279B8DCF1BA5284100C567BE /* Frameworks */ = {
			isa = PBXFrameworksBuildPhase;
			buildActionMask = 2147483647;
			files = (
			);
			runOnlyForDeploymentPostprocessing = 0;
		};
/* End PBXFrameworksBuildPhase section */

/* Begin PBXGroup section */
		279B8DB41BA5284100C567BE = {
			isa = PBXGroup;
			children = (
				279B8DBF1BA5284100C567BE /* ToDo */,
				279B8DD51BA5284100C567BE /* ToDoTests */,
				279B8DBE1BA5284100C567BE /* Products */,
			);
			sourceTree = "<group>";
		};
		279B8DBE1BA5284100C567BE /* Products */ = {
			isa = PBXGroup;
			children = (
				279B8DBD1BA5284100C567BE /* ToDo.app */,
				279B8DD21BA5284100C567BE /* ToDoTests.xctest */,
			);
			name = Products;
			sourceTree = "<group>";
		};
		279B8DBF1BA5284100C567BE /* ToDo */ = {
			isa = PBXGroup;
			children = (
				279B8DE21BA5563E00C567BE /* AddToDoItemViewController.swift */,
				279B8DC21BA5284100C567BE /* AppDelegate.swift */,
				279B8DC61BA5284100C567BE /* Main.storyboard */,
				279B8DE91BA5836000C567BE /* ToDoItem.swift */,
				279B8DC91BA5284100C567BE /* Images.xcassets */,
				279B8DCB1BA5284100C567BE /* LaunchScreen.xib */,
				279B8DC01BA5284100C567BE /* Supporting Files */,
				279B8DE41BA5572100C567BE /* ToDoListTableViewController.swift */,
			);
			path = ToDo;
			sourceTree = "<group>";
		};
		279B8DC01BA5284100C567BE /* Supporting Files */ = {
			isa = PBXGroup;
			children = (
				279B8DC11BA5284100C567BE /* Info.plist */,
			);
			name = "Supporting Files";
			sourceTree = "<group>";
		};
		279B8DD51BA5284100C567BE /* ToDoTests */ = {
			isa = PBXGroup;
			children = (
				279B8DD81BA5284100C567BE /* ToDoTests.swift */,
				279B8DD61BA5284100C567BE /* Supporting Files */,
			);
			path = ToDoTests;
			sourceTree = "<group>";
		};
		279B8DD61BA5284100C567BE /* Supporting Files */ = {
			isa = PBXGroup;
			children = (
				279B8DD71BA5284100C567BE /* Info.plist */,
			);
			name = "Supporting Files";
			sourceTree = "<group>";
		};
/* End PBXGroup section */

/* Begin PBXNativeTarget section */
		279B8DBC1BA5284100C567BE /* ToDo */ = {
			isa = PBXNativeTarget;
			buildConfigurationList = 279B8DDC1BA5284100C567BE /* Build configuration list for PBXNativeTarget "ToDo" */;
			buildPhases = (
				279B8DB91BA5284100C567BE /* Sources */,
				279B8DBA1BA5284100C567BE /* Frameworks */,
				279B8DBB1BA5284100C567BE /* Resources */,
			);
			buildRules = (
			);
			dependencies = (
			);
			name = ToDo;
			productName = ToDo;
			productReference = 279B8DBD1BA5284100C567BE /* ToDo.app */;
			productType = "com.apple.product-type.application";
		};
		279B8DD11BA5284100C567BE /* ToDoTests */ = {
			isa = PBXNativeTarget;
			buildConfigurationList = 279B8DDF1BA5284100C567BE /* Build configuration list for PBXNativeTarget "ToDoTests" */;
			buildPhases = (
				279B8DCE1BA5284100C567BE /* Sources */,
				279B8DCF1BA5284100C567BE /* Frameworks */,
				279B8DD01BA5284100C567BE /* Resources */,
			);
			buildRules = (
			);
			dependencies = (
				279B8DD41BA5284100C567BE /* PBXTargetDependency */,
			);
			name = ToDoTests;
			productName = ToDoTests;
			productReference = 279B8DD21BA5284100C567BE /* ToDoTests.xctest */;
			productType = "com.apple.product-type.bundle.unit-test";
		};
/* End PBXNativeTarget section */

/* Begin PBXProject section */
		279B8DB51BA5284100C567BE /* Project object */ = {
			isa = PBXProject;
			attributes = {
				LastUpgradeCheck = 0640;
				ORGANIZATIONNAME = Tutorial;
				TargetAttributes = {
					279B8DBC1BA5284100C567BE = {
						CreatedOnToolsVersion = 6.4;
					};
					279B8DD11BA5284100C567BE = {
						CreatedOnToolsVersion = 6.4;
						TestTargetID = 279B8DBC1BA5284100C567BE;
					};
				};
			};
			buildConfigurationList = 279B8DB81BA5284100C567BE /* Build configuration list for PBXProject "ToDo" */;
			compatibilityVersion = "Xcode 3.2";
			developmentRegion = English;
			hasScannedForEncodings = 0;
			knownRegions = (
				en,
				Base,
			);
			mainGroup = 279B8DB41BA5284100C567BE;
			productRefGroup = 279B8DBE1BA5284100C567BE /* Products */;
			projectDirPath = "";
			projectRoot = "";
			targets = (
				279B8DBC1BA5284100C567BE /* ToDo */,
				279B8DD11BA5284100C567BE /* ToDoTests */,
			);
		};
/* End PBXProject section */

/* Begin PBXResourcesBuildPhase section */
		279B8DBB1BA5284100C567BE /* Resources */ = {
			isa = PBXResourcesBuildPhase;
			buildActionMask = 2147483647;
			files = (
				279B8DE81BA5625800C567BE /* Main.storyboard in Resources */,
				279B8DCD1BA5284100C567BE /* LaunchScreen.xib in Resources */,
				279B8DCA1BA5284100C567BE /* Images.xcassets in Resources */,
			);
			runOnlyForDeploymentPostprocessing = 0;
		};
		279B8DD01BA5284100C567BE /* Resources */ = {
			isa = PBXResourcesBuildPhase;
			buildActionMask = 2147483647;
			files = (
			);
			runOnlyForDeploymentPostprocessing = 0;
		};
/* End PBXResourcesBuildPhase section */

/* Begin PBXSourcesBuildPhase section */
		279B8DB91BA5284100C567BE /* Sources */ = {
			isa = PBXSourcesBuildPhase;
			buildActionMask = 2147483647;
			files = (
				279B8DC31BA5284100C567BE /* AppDelegate.swift in Sources */,
				279B8DE31BA5563E00C567BE /* AddToDoItemViewController.swift in Sources */,
				279B8DEA1BA5836000C567BE /* ToDoItem.swift in Sources */,
				279B8DE51BA5572100C567BE /* ToDoListTableViewController.swift in Sources */,
			);
			runOnlyForDeploymentPostprocessing = 0;
		};
		279B8DCE1BA5284100C567BE /* Sources */ = {
			isa = PBXSourcesBuildPhase;
			buildActionMask = 2147483647;
			files = (
				279B8DD91BA5284100C567BE /* ToDoTests.swift in Sources */,
			);
			runOnlyForDeploymentPostprocessing = 0;
		};
/* End PBXSourcesBuildPhase section */

/* Begin PBXTargetDependency section */
		279B8DD41BA5284100C567BE /* PBXTargetDependency */ = {
			isa = PBXTargetDependency;
			target = 279B8DBC1BA5284100C567BE /* ToDo */;
			targetProxy = 279B8DD31BA5284100C567BE /* PBXContainerItemProxy */;
		};
/* End PBXTargetDependency section */

/* Begin PBXVariantGroup section */
		279B8DC61BA5284100C567BE /* Main.storyboard */ = {
			isa = PBXVariantGroup;
			children = (
				279B8DC71BA5284100C567BE /* Base */,
			);
			name = Main.storyboard;
			sourceTree = "<group>";
		};
		279B8DCB1BA5284100C567BE /* LaunchScreen.xib */ = {
			isa = PBXVariantGroup;
			children = (
				279B8DCC1BA5284100C567BE /* Base */,
			);
			name = LaunchScreen.xib;
			sourceTree = "<group>";
		};
/* End PBXVariantGroup section */

/* Begin XCBuildConfiguration section */
		279B8DDA1BA5284100C567BE /* Debug */ = {
			isa = XCBuildConfiguration;
			buildSettings = {
				ALWAYS_SEARCH_USER_PATHS = NO;
				CLANG_CXX_LANGUAGE_STANDARD = "gnu++0x";
				CLANG_CXX_LIBRARY = "libc++";
				CLANG_ENABLE_MODULES = YES;
				CLANG_ENABLE_OBJC_ARC = YES;
				CLANG_WARN_BOOL_CONVERSION = YES;
				CLANG_WARN_CONSTANT_CONVERSION = YES;
				CLANG_WARN_DIRECT_OBJC_ISA_USAGE = YES_ERROR;
				CLANG_WARN_EMPTY_BODY = YES;
				CLANG_WARN_ENUM_CONVERSION = YES;
				CLANG_WARN_INT_CONVERSION = YES;
				CLANG_WARN_OBJC_ROOT_CLASS = YES_ERROR;
				CLANG_WARN_UNREACHABLE_CODE = YES;
				CLANG_WARN__DUPLICATE_METHOD_MATCH = YES;
				"CODE_SIGN_IDENTITY[sdk=iphoneos*]" = "iPhone Developer";
				COPY_PHASE_STRIP = NO;
				DEBUG_INFORMATION_FORMAT = "dwarf-with-dsym";
				ENABLE_STRICT_OBJC_MSGSEND = YES;
				GCC_C_LANGUAGE_STANDARD = gnu99;
				GCC_DYNAMIC_NO_PIC = NO;
				GCC_NO_COMMON_BLOCKS = YES;
				GCC_OPTIMIZATION_LEVEL = 0;
				GCC_PREPROCESSOR_DEFINITIONS = (
					"DEBUG=1",
					"$(inherited)",
				);
				GCC_SYMBOLS_PRIVATE_EXTERN = NO;
				GCC_WARN_64_TO_32_BIT_CONVERSION = YES;
				GCC_WARN_ABOUT_RETURN_TYPE = YES_ERROR;
				GCC_WARN_UNDECLARED_SELECTOR = YES;
				GCC_WARN_UNINITIALIZED_AUTOS = YES_AGGRESSIVE;
				GCC_WARN_UNUSED_FUNCTION = YES;
				GCC_WARN_UNUSED_VARIABLE = YES;
				IPHONEOS_DEPLOYMENT_TARGET = 8.4;
				MTL_ENABLE_DEBUG_INFO = YES;
				ONLY_ACTIVE_ARCH = YES;
				SDKROOT = iphoneos;
				SWIFT_OPTIMIZATION_LEVEL = "-Onone";
				TARGETED_DEVICE_FAMILY = "1,2";
			};
			name = Debug;
		};
		279B8DDB1BA5284100C567BE /* Release */ = {
			isa = XCBuildConfiguration;
			buildSettings = {
				ALWAYS_SEARCH_USER_PATHS = NO;
				CLANG_CXX_LANGUAGE_STANDARD = "gnu++0x";
				CLANG_CXX_LIBRARY = "libc++";
				CLANG_ENABLE_MODULES = YES;
				CLANG_ENABLE_OBJC_ARC = YES;
				CLANG_WARN_BOOL_CONVERSION = YES;
				CLANG_WARN_CONSTANT_CONVERSION = YES;
				CLANG_WARN_DIRECT_OBJC_ISA_USAGE = YES_ERROR;
				CLANG_WARN_EMPTY_BODY = YES;
				CLANG_WARN_ENUM_CONVERSION = YES;
				CLANG_WARN_INT_CONVERSION = YES;
				CLANG_WARN_OBJC_ROOT_CLASS = YES_ERROR;
				CLANG_WARN_UNREACHABLE_CODE = YES;
				CLANG_WARN__DUPLICATE_METHOD_MATCH = YES;
				"CODE_SIGN_IDENTITY[sdk=iphoneos*]" = "iPhone Developer";
				COPY_PHASE_STRIP = NO;
				DEBUG_INFORMATION_FORMAT = "dwarf-with-dsym";
				ENABLE_NS_ASSERTIONS = NO;
				ENABLE_STRICT_OBJC_MSGSEND = YES;
				GCC_C_LANGUAGE_STANDARD = gnu99;
				GCC_NO_COMMON_BLOCKS = YES;
				GCC_WARN_64_TO_32_BIT_CONVERSION = YES;
				GCC_WARN_ABOUT_RETURN_TYPE = YES_ERROR;
				GCC_WARN_UNDECLARED_SELECTOR = YES;
				GCC_WARN_UNINITIALIZED_AUTOS = YES_AGGRESSIVE;
				GCC_WARN_UNUSED_FUNCTION = YES;
				GCC_WARN_UNUSED_VARIABLE = YES;
				IPHONEOS_DEPLOYMENT_TARGET = 8.4;
				MTL_ENABLE_DEBUG_INFO = NO;
				SDKROOT = iphoneos;
				TARGETED_DEVICE_FAMILY = "1,2";
				VALIDATE_PRODUCT = YES;
			};
			name = Release;
		};
		279B8DDD1BA5284100C567BE /* Debug */ = {
			isa = XCBuildConfiguration;
			buildSettings = {
				ASSETCATALOG_COMPILER_APPICON_NAME = AppIcon;
				INFOPLIST_FILE = ToDo/Info.plist;
				LD_RUNPATH_SEARCH_PATHS = "$(inherited) @executable_path/Frameworks";
				PRODUCT_NAME = "$(TARGET_NAME)";
			};
			name = Debug;
		};
		279B8DDE1BA5284100C567BE /* Release */ = {
			isa = XCBuildConfiguration;
			buildSettings = {
				ASSETCATALOG_COMPILER_APPICON_NAME = AppIcon;
				INFOPLIST_FILE = ToDo/Info.plist;
				LD_RUNPATH_SEARCH_PATHS = "$(inherited) @executable_path/Frameworks";
				PRODUCT_NAME = "$(TARGET_NAME)";
			};
			name = Release;
		};
		279B8DE01BA5284100C567BE /* Debug */ = {
			isa = XCBuildConfiguration;
			buildSettings = {
				BUNDLE_LOADER = "$(TEST_HOST)";
				FRAMEWORK_SEARCH_PATHS = (
					"$(SDKROOT)/Developer/Library/Frameworks",
					"$(inherited)",
				);
				GCC_PREPROCESSOR_DEFINITIONS = (
					"DEBUG=1",
					"$(inherited)",
				);
				INFOPLIST_FILE = ToDoTests/Info.plist;
				LD_RUNPATH_SEARCH_PATHS = "$(inherited) @executable_path/Frameworks @loader_path/Frameworks";
				PRODUCT_NAME = "$(TARGET_NAME)";
				TEST_HOST = "$(BUILT_PRODUCTS_DIR)/ToDo.app/ToDo";
			};
			name = Debug;
		};
		279B8DE11BA5284100C567BE /* Release */ = {
			isa = XCBuildConfiguration;
			buildSettings = {
				BUNDLE_LOADER = "$(TEST_HOST)";
				FRAMEWORK_SEARCH_PATHS = (
					"$(SDKROOT)/Developer/Library/Frameworks",
					"$(inherited)",
				);
				INFOPLIST_FILE = ToDoTests/Info.plist;
				LD_RUNPATH_SEARCH_PATHS = "$(inherited) @executable_path/Frameworks @loader_path/Frameworks";
				PRODUCT_NAME = "$(TARGET_NAME)";
				TEST_HOST = "$(BUILT_PRODUCTS_DIR)/ToDo.app/ToDo";
			};
			name = Release;
		};
/* End XCBuildConfiguration section */

/* Begin XCConfigurationList section */
		279B8DB81BA5284100C567BE /* Build configuration list for PBXProject "ToDo" */ = {
			isa = XCConfigurationList;
			buildConfigurations = (
				279B8DDA1BA5284100C567BE /* Debug */,
				279B8DDB1BA5284100C567BE /* Release */,
			);
			defaultConfigurationIsVisible = 0;
			defaultConfigurationName = Release;
		};
		279B8DDC1BA5284100C567BE /* Build configuration list for PBXNativeTarget "ToDo" */ = {
			isa = XCConfigurationList;
			buildConfigurations = (
				279B8DDD1BA5284100C567BE /* Debug */,
				279B8DDE1BA5284100C567BE /* Release */,
			);
			defaultConfigurationIsVisible = 0;
		};
		279B8DDF1BA5284100C567BE /* Build configuration list for PBXNativeTarget "ToDoTests" */ = {
			isa = XCConfigurationList;
			buildConfigurations = (
				279B8DE01BA5284100C567BE /* Debug */,
				279B8DE11BA5284100C567BE /* Release */,
			);
			defaultConfigurationIsVisible = 0;
		};
/* End XCConfigurationList section */
	};
	rootObject = 279B8DB51BA5284100C567BE /* Project object */;
}
